
Microsoft Visual Studio Solution File, Format Version 12.00
# Visual Studio 15
VisualStudioVersion = 15.0.27004.2005
MinimumVisualStudioVersion = 10.0.40219.1
Project("{FAE04EC0-301F-11D3-BF4B-00C04F79EFBC}") = "GraphicsGame", "GraphicsGame\GraphicsGame.csproj", "{B0E53ADD-601C-40F1-A75E-F7089FF96887}"
EndProject
Global
	GlobalSection(SolutionConfigurationPlatforms) = preSolution
		Debug|Any CPU = Debug|Any CPU
		DefaultBuild|Any CPU = DefaultBuild|Any CPU
		Release|Any CPU = Release|Any CPU
	EndGlobalSection
	GlobalSection(ProjectConfigurationPlatforms) = postSolution
		{B0E53ADD-601C-40F1-A75E-F7089FF96887}.Debug|Any CPU.ActiveCfg = Debug|Any CPU
		{B0E53ADD-601C-40F1-A75E-F7089FF96887}.Debug|Any CPU.Build.0 = Debug|Any CPU
		{B0E53ADD-601C-40F1-A75E-F7089FF96887}.DefaultBuild|Any CPU.ActiveCfg = Debug|Any CPU
		{B0E53ADD-601C-40F1-A75E-F7089FF96887}.DefaultBuild|Any CPU.Build.0 = Debug|Any CPU
		{B0E53ADD-601C-40F1-A75E-F7089FF96887}.Release|Any CPU.ActiveCfg = Release|Any CPU
		{B0E53ADD-601C-40F1-A75E-F7089FF96887}.Release|Any CPU.Build.0 = Release|Any CPU
	EndGlobalSection
	GlobalSection(SolutionProperties) = preSolution
		HideSolutionNode = FALSE
	EndGlobalSection
	GlobalSection(ExtensibilityGlobals) = postSolution
		SolutionGuid = {B5B7552E-FFE1-4496-BAFA-AEBE97724BD4}
	EndGlobalSection
EndGlobal
